
Microsoft Visual Studio Solution File, Format Version 12.00
# Visual Studio 15
VisualStudioVersion = 15.0.26430.6
MinimumVisualStudioVersion = 10.0.40219.1
Project("{FAE04EC0-301F-11D3-BF4B-00C04F79EFBC}") = "TestSuite.FitNesse.WindowsService", "TestSuite.FitNesse.WindowsService\TestSuite.FitNesse.WindowsService.csproj", "{0B07D475-AA0D-4EA0-9E87-1C82851A765D}"
EndProject
Project("{FAE04EC0-301F-11D3-BF4B-00C04F79EFBC}") = "TestSuite.FitNesse", "TestSuite.FitNesse\TestSuite.FitNesse.csproj", "{316C8E29-589C-4977-A848-AB8068A63828}"
EndProject
Project("{FAE04EC0-301F-11D3-BF4B-00C04F79EFBC}") = "TestSuite.FitNesse.ConsoleApp", "TestSuite.FitNesse.ConsoleApp\TestSuite.FitNesse.ConsoleApp.csproj", "{364F6A93-9B63-4373-8EF3-2D58FCE8A366}"
EndProject
Global
	GlobalSection(SolutionConfigurationPlatforms) = preSolution
		Debug|Any CPU = Debug|Any CPU
		Release|Any CPU = Release|Any CPU
	EndGlobalSection
	GlobalSection(ProjectConfigurationPlatforms) = postSolution
		{0B07D475-AA0D-4EA0-9E87-1C82851A765D}.Debug|Any CPU.ActiveCfg = Debug|Any CPU
		{0B07D475-AA0D-4EA0-9E87-1C82851A765D}.Debug|Any CPU.Build.0 = Debug|Any CPU
		{0B07D475-AA0D-4EA0-9E87-1C82851A765D}.Release|Any CPU.ActiveCfg = Release|Any CPU
		{0B07D475-AA0D-4EA0-9E87-1C82851A765D}.Release|Any CPU.Build.0 = Release|Any CPU
		{316C8E29-589C-4977-A848-AB8068A63828}.Debug|Any CPU.ActiveCfg = Debug|Any CPU
		{316C8E29-589C-4977-A848-AB8068A63828}.Debug|Any CPU.Build.0 = Debug|Any CPU
		{316C8E29-589C-4977-A848-AB8068A63828}.Release|Any CPU.ActiveCfg = Release|Any CPU
		{316C8E29-589C-4977-A848-AB8068A63828}.Release|Any CPU.Build.0 = Release|Any CPU
		{364F6A93-9B63-4373-8EF3-2D58FCE8A366}.Debug|Any CPU.ActiveCfg = Debug|Any CPU
		{364F6A93-9B63-4373-8EF3-2D58FCE8A366}.Debug|Any CPU.Build.0 = Debug|Any CPU
		{364F6A93-9B63-4373-8EF3-2D58FCE8A366}.Release|Any CPU.ActiveCfg = Release|Any CPU
		{364F6A93-9B63-4373-8EF3-2D58FCE8A366}.Release|Any CPU.Build.0 = Release|Any CPU
	EndGlobalSection
	GlobalSection(SolutionProperties) = preSolution
		HideSolutionNode = FALSE
	EndGlobalSection
	GlobalSection(ExtensibilityGlobals) = postSolution
		EnterpriseLibraryConfigurationToolBinariesPathV6 = packages\EnterpriseLibrary.Common.6.0.1304.0\lib\NET45;packages\EnterpriseLibrary.Logging.6.0.1304.0\lib\NET45
	EndGlobalSection
EndGlobal
